
Microsoft Visual Studio Solution File, Format Version 12.00
# Visual Studio Version 17
VisualStudioVersion = 17.14.36301.6 d17.14
MinimumVisualStudioVersion = 10.0.40219.1
Project("{FAE04EC0-301F-11D3-BF4B-00C04F79EFBC}") = "TirSeferleriModernApp", "TirSeferleriModernApp\TirSeferleriModernApp.csproj", "{7E41F4C9-57B3-4836-9FDF-097C1DA4B97B}"
EndProject
Global
	GlobalSection(SolutionConfigurationPlatforms) = preSolution
		Debug|Any CPU = Debug|Any CPU
		Release|Any CPU = Release|Any CPU
	EndGlobalSection
	GlobalSection(ProjectConfigurationPlatforms) = postSolution
		{7E41F4C9-57B3-4836-9FDF-097C1DA4B97B}.Debug|Any CPU.ActiveCfg = Debug|Any CPU
		{7E41F4C9-57B3-4836-9FDF-097C1DA4B97B}.Debug|Any CPU.Build.0 = Debug|Any CPU
		{7E41F4C9-57B3-4836-9FDF-097C1DA4B97B}.Release|Any CPU.ActiveCfg = Release|Any CPU
		{7E41F4C9-57B3-4836-9FDF-097C1DA4B97B}.Release|Any CPU.Build.0 = Release|Any CPU
	EndGlobalSection
	GlobalSection(SolutionProperties) = preSolution
		HideSolutionNode = FALSE
	EndGlobalSection
	GlobalSection(ExtensibilityGlobals) = postSolution
		SolutionGuid = {35702A51-8778-443A-BB73-5C0A72EBE033}
	EndGlobalSection
EndGlobal
